
Microsoft Visual Studio Solution File, Format Version 12.00
# Visual Studio Version 16
VisualStudioVersion = 16.0.30711.63
MinimumVisualStudioVersion = 10.0.40219.1
Project("{8BC9CEB8-8B4A-11D0-8D11-00A0C91BC942}") = "WIT", "WIT\WIT.vcxproj", "{5715A802-CF25-4655-9603-CF184CFD2AB1}"
EndProject
Global
	GlobalSection(SolutionConfigurationPlatforms) = preSolution
		Debug|x64 = Debug|x64
		Debug|x86 = Debug|x86
		Release|x64 = Release|x64
		Release|x86 = Release|x86
	EndGlobalSection
	GlobalSection(ProjectConfigurationPlatforms) = postSolution
		{5715A802-CF25-4655-9603-CF184CFD2AB1}.Debug|x64.ActiveCfg = Debug|x64
		{5715A802-CF25-4655-9603-CF184CFD2AB1}.Debug|x64.Build.0 = Debug|x64
		{5715A802-CF25-4655-9603-CF184CFD2AB1}.Debug|x86.ActiveCfg = Debug|Win32
		{5715A802-CF25-4655-9603-CF184CFD2AB1}.Debug|x86.Build.0 = Debug|Win32
		{5715A802-CF25-4655-9603-CF184CFD2AB1}.Release|x64.ActiveCfg = Release|x64
		{5715A802-CF25-4655-9603-CF184CFD2AB1}.Release|x64.Build.0 = Release|x64
		{5715A802-CF25-4655-9603-CF184CFD2AB1}.Release|x86.ActiveCfg = Release|Win32
		{5715A802-CF25-4655-9603-CF184CFD2AB1}.Release|x86.Build.0 = Release|Win32
	EndGlobalSection
	GlobalSection(SolutionProperties) = preSolution
		HideSolutionNode = FALSE
	EndGlobalSection
	GlobalSection(ExtensibilityGlobals) = postSolution
		SolutionGuid = {05A2595C-46D8-459A-BF19-4B27371B1921}
	EndGlobalSection
EndGlobal
